{
  "version": 1,
  "dependencies": {
    "net8.0": {
      "KeelMatrix.AiToolContract": {
        "type": "Direct",
        "requested": "[0.1.0-rc.1, )",
        "resolved": "0.1.0-rc.1",
        "contentHash": "M4TQ2nLHKXeUZuWhxSkM6aOTt/gNzRRcIuR7k8FA2HiWyRExBOlyAKQn9U6sBGYTzhXp98w+R154c4zMLvx5ww==",
        "dependencies": {
          "Microsoft.Extensions.AI.Abstractions": "[10.0.0, 11.0.0)"
        }
      },
      "Microsoft.Extensions.AI.Abstractions": {
        "type": "Direct",
        "requested": "[10.10.0, )",
        "resolved": "10.10.0",
        "contentHash": "frBHj2ckpevA+KdDLikxv8oxGPrJiyTvaiblYp+vtVEt0q6J73XP5m2SICm86nFK6rl+L1GCKxIy4S5Lb3p2kQ==",
        "dependencies": {
          "System.Text.Json": "10.0.12"
        }
      },
      "System.IO.Pipelines": {
        "type": "Transitive",
        "resolved": "10.0.12",
        "contentHash": "5e8M112rzbW5xKNXKipNFoTgM330QS6S6+UA6CaDyr/KDrow8bzfvOPFA4S05QC3n/m096oj+pfttvme6I0YyA=="
      },
      "System.Text.Encodings.Web": {
        "type": "Transitive",
        "resolved": "10.0.12",
        "contentHash": "5wdXVVbJ5TH6YdKJYM0CHvQOY6SiCCeQ3KyLRx9daWag0cT9g4FT5CGN2qCNWbHZkqaCOEPRiA0uCBARB5Vk7w=="
      },
      "System.Text.Json": {
        "type": "Transitive",
        "resolved": "10.0.12",
        "contentHash": "AHlVpUiY96eC6Oar1Gf0YbafU7E2NUU9D80O2Xk5v7ryL3kpSsbI0EusJBE8kQfwPuDdUDoKUItArzXQHxomCg==",
        "dependencies": {
          "System.IO.Pipelines": "10.0.12",
          "System.Text.Encodings.Web": "10.0.12"
        }
      }
    }
  }
}